
Microsoft Visual Studio Solution File, Format Version 12.00
# Visual Studio 15
VisualStudioVersion = 15.0.27428.2037
MinimumVisualStudioVersion = 10.0.40219.1
Project("{FAE04EC0-301F-11D3-BF4B-00C04F79EFBC}") = "Presentacion", "Presentacion\Presentacion.csproj", "{8C16D908-4B58-40D2-A2F9-A95EC7D351C7}"
EndProject
Project("{FAE04EC0-301F-11D3-BF4B-00C04F79EFBC}") = "Dominio", "Dominio\Dominio.csproj", "{D113BF13-6576-47FE-9081-FCA6B929258C}"
EndProject
Project("{FAE04EC0-301F-11D3-BF4B-00C04F79EFBC}") = "Negocio", "Negocio\Negocio.csproj", "{9C4EE572-90A2-42A0-87B9-CFA8B771C2A1}"
EndProject
Global
	GlobalSection(SolutionConfigurationPlatforms) = preSolution
		Debug|Any CPU = Debug|Any CPU
		Release|Any CPU = Release|Any CPU
	EndGlobalSection
	GlobalSection(ProjectConfigurationPlatforms) = postSolution
		{8C16D908-4B58-40D2-A2F9-A95EC7D351C7}.Debug|Any CPU.ActiveCfg = Debug|Any CPU
		{8C16D908-4B58-40D2-A2F9-A95EC7D351C7}.Debug|Any CPU.Build.0 = Debug|Any CPU
		{8C16D908-4B58-40D2-A2F9-A95EC7D351C7}.Release|Any CPU.ActiveCfg = Release|Any CPU
		{8C16D908-4B58-40D2-A2F9-A95EC7D351C7}.Release|Any CPU.Build.0 = Release|Any CPU
		{D113BF13-6576-47FE-9081-FCA6B929258C}.Debug|Any CPU.ActiveCfg = Debug|Any CPU
		{D113BF13-6576-47FE-9081-FCA6B929258C}.Debug|Any CPU.Build.0 = Debug|Any CPU
		{D113BF13-6576-47FE-9081-FCA6B929258C}.Release|Any CPU.ActiveCfg = Release|Any CPU
		{D113BF13-6576-47FE-9081-FCA6B929258C}.Release|Any CPU.Build.0 = Release|Any CPU
		{9C4EE572-90A2-42A0-87B9-CFA8B771C2A1}.Debug|Any CPU.ActiveCfg = Debug|Any CPU
		{9C4EE572-90A2-42A0-87B9-CFA8B771C2A1}.Debug|Any CPU.Build.0 = Debug|Any CPU
		{9C4EE572-90A2-42A0-87B9-CFA8B771C2A1}.Release|Any CPU.ActiveCfg = Release|Any CPU
		{9C4EE572-90A2-42A0-87B9-CFA8B771C2A1}.Release|Any CPU.Build.0 = Release|Any CPU
	EndGlobalSection
	GlobalSection(SolutionProperties) = preSolution
		HideSolutionNode = FALSE
	EndGlobalSection
	GlobalSection(ExtensibilityGlobals) = postSolution
		SolutionGuid = {7C95BDEF-FA59-483F-A192-AA0B1AE1CE2A}
	EndGlobalSection
EndGlobal
